// !$*UTF8*$!
{
	archiveVersion = 1;
	classes = {
	};
	objectVersion = 55;
	objects = {

/* Begin PBXBuildFile section */
		BB299233288996DD0035DE59 /* SpinViewController.swift in Sources */ = {isa = PBXBuildFile; fileRef = BB299232288996DD0035DE59 /* SpinViewController.swift */; };
		BB29923528899A280035DE59 /* DoorViewController.swift in Sources */ = {isa = PBXBuildFile; fileRef = BB29923428899A280035DE59 /* DoorViewController.swift */; };
		BBB8DA08288896E60041CF2D /* AppDelegate.swift in Sources */ = {isa = PBXBuildFile; fileRef = BBB8DA07288896E60041CF2D /* AppDelegate.swift */; };
		BBB8DA0A288896E60041CF2D /* SceneDelegate.swift in Sources */ = {isa = PBXBuildFile; fileRef = BBB8DA09288896E60041CF2D /* SceneDelegate.swift */; };
		BBB8DA0C288896E60041CF2D /* ViewController.swift in Sources */ = {isa = PBXBuildFile; fileRef = BBB8DA0B288896E60041CF2D /* ViewController.swift */; };
		BBB8DA0F288896E60041CF2D /* Main.storyboard in Resources */ = {isa = PBXBuildFile; fileRef = BBB8DA0D288896E60041CF2D /* Main.storyboard */; };
		BBB8DA11288896E60041CF2D /* Assets.xcassets in Resources */ = {isa = PBXBuildFile; fileRef = BBB8DA10288896E60041CF2D /* Assets.xcassets */; };
		BBB8DA14288896E60041CF2D /* LaunchScreen.storyboard in Resources */ = {isa = PBXBuildFile; fileRef = BBB8DA12288896E60041CF2D /* LaunchScreen.storyboard */; };
		BBB8DA1C288898250041CF2D /* FadeViewController.swift in Sources */ = {isa = PBXBuildFile; fileRef = BBB8DA1B288898250041CF2D /* FadeViewController.swift */; };
		BBB8DA1E28889A420041CF2D /* SlideViewController.swift in Sources */ = {isa = PBXBuildFile; fileRef = BBB8DA1D28889A420041CF2D /* SlideViewController.swift */; };
/* End PBXBuildFile section */

/* Begin PBXFileReference section */
		BB299232288996DD0035DE59 /* SpinViewController.swift */ = {isa = PBXFileReference; lastKnownFileType = sourcecode.swift; path = SpinViewController.swift; sourceTree = "<group>"; };
		BB29923428899A280035DE59 /* DoorViewController.swift */ = {isa = PBXFileReference; lastKnownFileType = sourcecode.swift; path = DoorViewController.swift; sourceTree = "<group>"; };
		BBB8DA04288896E60041CF2D /* ClassDemo7.app */ = {isa = PBXFileReference; explicitFileType = wrapper.application; includeInIndex = 0; path = ClassDemo7.app; sourceTree = BUILT_PRODUCTS_DIR; };
		BBB8DA07288896E60041CF2D /* AppDelegate.swift */ = {isa = PBXFileReference; lastKnownFileType = sourcecode.swift; path = AppDelegate.swift; sourceTree = "<group>"; };
		BBB8DA09288896E60041CF2D /* SceneDelegate.swift */ = {isa = PBXFileReference; lastKnownFileType = sourcecode.swift; path = SceneDelegate.swift; sourceTree = "<group>"; };
		BBB8DA0B288896E60041CF2D /* ViewController.swift */ = {isa = PBXFileReference; lastKnownFileType = sourcecode.swift; path = ViewController.swift; sourceTree = "<group>"; };
		BBB8DA0E288896E60041CF2D /* Base */ = {isa = PBXFileReference; lastKnownFileType = file.storyboard; name = Base; path = Base.lproj/Main.storyboard; sourceTree = "<group>"; };
		BBB8DA10288896E60041CF2D /* Assets.xcassets */ = {isa = PBXFileReference; lastKnownFileType = folder.assetcatalog; path = Assets.xcassets; sourceTree = "<group>"; };
		BBB8DA13288896E60041CF2D /* Base */ = {isa = PBXFileReference; lastKnownFileType = file.storyboard; name = Base; path = Base.lproj/LaunchScreen.storyboard; sourceTree = "<group>"; };
		BBB8DA15288896E60041CF2D /* Info.plist */ = {isa = PBXFileReference; lastKnownFileType = text.plist.xml; path = Info.plist; sourceTree = "<group>"; };
		BBB8DA1B288898250041CF2D /* FadeViewController.swift */ = {isa = PBXFileReference; lastKnownFileType = sourcecode.swift; path = FadeViewController.swift; sourceTree = "<group>"; };
		BBB8DA1D28889A420041CF2D /* SlideViewController.swift */ = {isa = PBXFileReference; lastKnownFileType = sourcecode.swift; path = SlideViewController.swift; sourceTree = "<group>"; };
/* End PBXFileReference section */

/* Begin PBXFrameworksBuildPhase section */
		BBB8DA01288896E60041CF2D /* Frameworks */ = {
			isa = PBXFrameworksBuildPhase;
			buildActionMask = 2147483647;
			files = (
			);
			runOnlyForDeploymentPostprocessing = 0;
		};
/* End PBXFrameworksBuildPhase section */

/* Begin PBXGroup section */
		BBB8D9FB288896E60041CF2D = {
			isa = PBXGroup;
			children = (
				BBB8DA06288896E60041CF2D /* ClassDemo7 */,
				BBB8DA05288896E60041CF2D /* Products */,
			);
			sourceTree = "<group>";
		};
		BBB8DA05288896E60041CF2D /* Products */ = {
			isa = PBXGroup;
			children = (
				BBB8DA04288896E60041CF2D /* ClassDemo7.app */,
			);
			name = Products;
			sourceTree = "<group>";
		};
		BBB8DA06288896E60041CF2D /* ClassDemo7 */ = {
			isa = PBXGroup;
			children = (
				BBB8DA07288896E60041CF2D /* AppDelegate.swift */,
				BBB8DA09288896E60041CF2D /* SceneDelegate.swift */,
				BBB8DA0B288896E60041CF2D /* ViewController.swift */,
				BBB8DA1D28889A420041CF2D /* SlideViewController.swift */,
				BBB8DA1B288898250041CF2D /* FadeViewController.swift */,
				BBB8DA0D288896E60041CF2D /* Main.storyboard */,
				BB29923428899A280035DE59 /* DoorViewController.swift */,
				BB299232288996DD0035DE59 /* SpinViewController.swift */,
				BBB8DA10288896E60041CF2D /* Assets.xcassets */,
				BBB8DA12288896E60041CF2D /* LaunchScreen.storyboard */,
				BBB8DA15288896E60041CF2D /* Info.plist */,
			);
			path = ClassDemo7;
			sourceTree = "<group>";
		};
/* End PBXGroup section */

/* Begin PBXNativeTarget section */
		BBB8DA03288896E60041CF2D /* ClassDemo7 */ = {
			isa = PBXNativeTarget;
			buildConfigurationList = BBB8DA18288896E60041CF2D /* Build configuration list for PBXNativeTarget "ClassDemo7" */;
			buildPhases = (
				BBB8DA00288896E60041CF2D /* Sources */,
				BBB8DA01288896E60041CF2D /* Frameworks */,
				BBB8DA02288896E60041CF2D /* Resources */,
			);
			buildRules = (
			);
			dependencies = (
			);
			name = ClassDemo7;
			productName = ClassDemo7;
			productReference = BBB8DA04288896E60041CF2D /* ClassDemo7.app */;
			productType = "com.apple.product-type.application";
		};
/* End PBXNativeTarget section */

/* Begin PBXProject section */
		BBB8D9FC288896E60041CF2D /* Project object */ = {
			isa = PBXProject;
			attributes = {
				BuildIndependentTargetsInParallel = 1;
				LastSwiftUpdateCheck = 1340;
				LastUpgradeCheck = 1340;
				TargetAttributes = {
					BBB8DA03288896E60041CF2D = {
						CreatedOnToolsVersion = 13.4.1;
					};
				};
			};
			buildConfigurationList = BBB8D9FF288896E60041CF2D /* Build configuration list for PBXProject "ClassDemo7" */;
			compatibilityVersion = "Xcode 13.0";
			developmentRegion = en;
			hasScannedForEncodings = 0;
			knownRegions = (
				en,
				Base,
			);
			mainGroup = BBB8D9FB288896E60041CF2D;
			productRefGroup = BBB8DA05288896E60041CF2D /* Products */;
			projectDirPath = "";
			projectRoot = "";
			targets = (
				BBB8DA03288896E60041CF2D /* ClassDemo7 */,
			);
		};
/* End PBXProject section */

/* Begin PBXResourcesBuildPhase section */
		BBB8DA02288896E60041CF2D /* Resources */ = {
			isa = PBXResourcesBuildPhase;
			buildActionMask = 2147483647;
			files = (
				BBB8DA14288896E60041CF2D /* LaunchScreen.storyboard in Resources */,
				BBB8DA11288896E60041CF2D /* Assets.xcassets in Resources */,
				BBB8DA0F288896E60041CF2D /* Main.storyboard in Resources */,
			);
			runOnlyForDeploymentPostprocessing = 0;
		};
/* End PBXResourcesBuildPhase section */

/* Begin PBXSourcesBuildPhase section */
		BBB8DA00288896E60041CF2D /* Sources */ = {
			isa = PBXSourcesBuildPhase;
			buildActionMask = 2147483647;
			files = (
				BB29923528899A280035DE59 /* DoorViewController.swift in Sources */,
				BBB8DA0C288896E60041CF2D /* ViewController.swift in Sources */,
				BBB8DA1E28889A420041CF2D /* SlideViewController.swift in Sources */,
				BBB8DA08288896E60041CF2D /* AppDelegate.swift in Sources */,
				BBB8DA1C288898250041CF2D /* FadeViewController.swift in Sources */,
				BB299233288996DD0035DE59 /* SpinViewController.swift in Sources */,
				BBB8DA0A288896E60041CF2D /* SceneDelegate.swift in Sources */,
			);
			runOnlyForDeploymentPostprocessing = 0;
		};
/* End PBXSourcesBuildPhase section */

/* Begin PBXVariantGroup section */
		BBB8DA0D288896E60041CF2D /* Main.storyboard */ = {
			isa = PBXVariantGroup;
			children = (
				BBB8DA0E288896E60041CF2D /* Base */,
			);
			name = Main.storyboard;
			sourceTree = "<group>";
		};
		BBB8DA12288896E60041CF2D /* LaunchScreen.storyboard */ = {
			isa = PBXVariantGroup;
			children = (
				BBB8DA13288896E60041CF2D /* Base */,
			);
			name = LaunchScreen.storyboard;
			sourceTree = "<group>";
		};
/* End PBXVariantGroup section */

/* Begin XCBuildConfiguration section */
		BBB8DA16288896E60041CF2D /* Debug */ = {
			isa = XCBuildConfiguration;
			buildSettings = {
				ALWAYS_SEARCH_USER_PATHS = NO;
				CLANG_ANALYZER_NONNULL = YES;
				CLANG_ANALYZER_NUMBER_OBJECT_CONVERSION = YES_AGGRESSIVE;
				CLANG_CXX_LANGUAGE_STANDARD = "gnu++17";
				CLANG_ENABLE_MODULES = YES;
				CLANG_ENABLE_OBJC_ARC = YES;
				CLANG_ENABLE_OBJC_WEAK = YES;
				CLANG_WARN_BLOCK_CAPTURE_AUTORELEASING = YES;
				CLANG_WARN_BOOL_CONVERSION = YES;
				CLANG_WARN_COMMA = YES;
				CLANG_WARN_CONSTANT_CONVERSION = YES;
				CLANG_WARN_DEPRECATED_OBJC_IMPLEMENTATIONS = YES;
				CLANG_WARN_DIRECT_OBJC_ISA_USAGE = YES_ERROR;
				CLANG_WARN_DOCUMENTATION_COMMENTS = YES;
				CLANG_WARN_EMPTY_BODY = YES;
				CLANG_WARN_ENUM_CONVERSION = YES;
				CLANG_WARN_INFINITE_RECURSION = YES;
				CLANG_WARN_INT_CONVERSION = YES;
				CLANG_WARN_NON_LITERAL_NULL_CONVERSION = YES;
				CLANG_WARN_OBJC_IMPLICIT_RETAIN_SELF = YES;
				CLANG_WARN_OBJC_LITERAL_CONVERSION = YES;
				CLANG_WARN_OBJC_ROOT_CLASS = YES_ERROR;
				CLANG_WARN_QUOTED_INCLUDE_IN_FRAMEWORK_HEADER = YES;
				CLANG_WARN_RANGE_LOOP_ANALYSIS = YES;
				CLANG_WARN_STRICT_PROTOTYPES = YES;
				CLANG_WARN_SUSPICIOUS_MOVE = YES;
				CLANG_WARN_UNGUARDED_AVAILABILITY = YES_AGGRESSIVE;
				CLANG_WARN_UNREACHABLE_CODE = YES;
				CLANG_WARN__DUPLICATE_METHOD_MATCH = YES;
				COPY_PHASE_STRIP = NO;
				DEBUG_INFORMATION_FORMAT = dwarf;
				ENABLE_STRICT_OBJC_MSGSEND = YES;
				ENABLE_TESTABILITY = YES;
				GCC_C_LANGUAGE_STANDARD = gnu11;
				GCC_DYNAMIC_NO_PIC = NO;
				GCC_NO_COMMON_BLOCKS = YES;
				GCC_OPTIMIZATION_LEVEL = 0;
				GCC_PREPROCESSOR_DEFINITIONS = (
					"DEBUG=1",
					"$(inherited)",
				);
				GCC_WARN_64_TO_32_BIT_CONVERSION = YES;
				GCC_WARN_ABOUT_RETURN_TYPE = YES_ERROR;
				GCC_WARN_UNDECLARED_SELECTOR = YES;
				GCC_WARN_UNINITIALIZED_AUTOS = YES_AGGRESSIVE;
				GCC_WARN_UNUSED_FUNCTION = YES;
				GCC_WARN_UNUSED_VARIABLE = YES;
				IPHONEOS_DEPLOYMENT_TARGET = 15.5;
				MTL_ENABLE_DEBUG_INFO = INCLUDE_SOURCE;
				MTL_FAST_MATH = YES;
				ONLY_ACTIVE_ARCH = YES;
				SDKROOT = iphoneos;
				SWIFT_ACTIVE_COMPILATION_CONDITIONS = DEBUG;
				SWIFT_OPTIMIZATION_LEVEL = "-Onone";
			};
			name = Debug;
		};
		BBB8DA17288896E60041CF2D /* Release */ = {
			isa = XCBuildConfiguration;
			buildSettings = {
				ALWAYS_SEARCH_USER_PATHS = NO;
				CLANG_ANALYZER_NONNULL = YES;
				CLANG_ANALYZER_NUMBER_OBJECT_CONVERSION = YES_AGGRESSIVE;
				CLANG_CXX_LANGUAGE_STANDARD = "gnu++17";
				CLANG_ENABLE_MODULES = YES;
				CLANG_ENABLE_OBJC_ARC = YES;
				CLANG_ENABLE_OBJC_WEAK = YES;
				CLANG_WARN_BLOCK_CAPTURE_AUTORELEASING = YES;
				CLANG_WARN_BOOL_CONVERSION = YES;
				CLANG_WARN_COMMA = YES;
				CLANG_WARN_CONSTANT_CONVERSION = YES;
				CLANG_WARN_DEPRECATED_OBJC_IMPLEMENTATIONS = YES;
				CLANG_WARN_DIRECT_OBJC_ISA_USAGE = YES_ERROR;
				CLANG_WARN_DOCUMENTATION_COMMENTS = YES;
				CLANG_WARN_EMPTY_BODY = YES;
				CLANG_WARN_ENUM_CONVERSION = YES;
				CLANG_WARN_INFINITE_RECURSION = YES;
				CLANG_WARN_INT_CONVERSION = YES;
				CLANG_WARN_NON_LITERAL_NULL_CONVERSION = YES;
				CLANG_WARN_OBJC_IMPLICIT_RETAIN_SELF = YES;
				CLANG_WARN_OBJC_LITERAL_CONVERSION = YES;
				CLANG_WARN_OBJC_ROOT_CLASS = YES_ERROR;
				CLANG_WARN_QUOTED_INCLUDE_IN_FRAMEWORK_HEADER = YES;
				CLANG_WARN_RANGE_LOOP_ANALYSIS = YES;
				CLANG_WARN_STRICT_PROTOTYPES = YES;
				CLANG_WARN_SUSPICIOUS_MOVE = YES;
				CLANG_WARN_UNGUARDED_AVAILABILITY = YES_AGGRESSIVE;
				CLANG_WARN_UNREACHABLE_CODE = YES;
				CLANG_WARN__DUPLICATE_METHOD_MATCH = YES;
				COPY_PHASE_STRIP = NO;
				DEBUG_INFORMATION_FORMAT = "dwarf-with-dsym";
				ENABLE_NS_ASSERTIONS = NO;
				ENABLE_STRICT_OBJC_MSGSEND = YES;
				GCC_C_LANGUAGE_STANDARD = gnu11;
				GCC_NO_COMMON_BLOCKS = YES;
				GCC_WARN_64_TO_32_BIT_CONVERSION = YES;
				GCC_WARN_ABOUT_RETURN_TYPE = YES_ERROR;
				GCC_WARN_UNDECLARED_SELECTOR = YES;
				GCC_WARN_UNINITIALIZED_AUTOS = YES_AGGRESSIVE;
				GCC_WARN_UNUSED_FUNCTION = YES;
				GCC_WARN_UNUSED_VARIABLE = YES;
				IPHONEOS_DEPLOYMENT_TARGET = 15.5;
				MTL_ENABLE_DEBUG_INFO = NO;
				MTL_FAST_MATH = YES;
				SDKROOT = iphoneos;
				SWIFT_COMPILATION_MODE = wholemodule;
				SWIFT_OPTIMIZATION_LEVEL = "-O";
				VALIDATE_PRODUCT = YES;
			};
			name = Release;
		};
		BBB8DA19288896E60041CF2D /* Debug */ = {
			isa = XCBuildConfiguration;
			buildSettings = {
				ASSETCATALOG_COMPILER_APPICON_NAME = AppIcon;
				ASSETCATALOG_COMPILER_GLOBAL_ACCENT_COLOR_NAME = AccentColor;
				CODE_SIGN_STYLE = Automatic;
				CURRENT_PROJECT_VERSION = 1;
				DEVELOPMENT_TEAM = 9B2FB7XP74;
				GENERATE_INFOPLIST_FILE = YES;
				INFOPLIST_FILE = ClassDemo7/Info.plist;
				INFOPLIST_KEY_UIApplicationSupportsIndirectInputEvents = YES;
				INFOPLIST_KEY_UILaunchStoryboardName = LaunchScreen;
				INFOPLIST_KEY_UIMainStoryboardFile = Main;
				INFOPLIST_KEY_UISupportedInterfaceOrientations_iPad = "UIInterfaceOrientationPortrait UIInterfaceOrientationPortraitUpsideDown UIInterfaceOrientationLandscapeLeft UIInterfaceOrientationLandscapeRight";
				INFOPLIST_KEY_UISupportedInterfaceOrientations_iPhone = "UIInterfaceOrientationPortrait UIInterfaceOrientationLandscapeLeft UIInterfaceOrientationLandscapeRight";
				LD_RUNPATH_SEARCH_PATHS = (
					"$(inherited)",
					"@executable_path/Frameworks",
				);
				MARKETING_VERSION = 1.0;
				PRODUCT_BUNDLE_IDENTIFIER = demo.ClassDemo7;
				PRODUCT_NAME = "$(TARGET_NAME)";
				SWIFT_EMIT_LOC_STRINGS = YES;
				SWIFT_VERSION = 5.0;
				TARGETED_DEVICE_FAMILY = "1,2";
			};
			name = Debug;
		};
		BBB8DA1A288896E60041CF2D /* Release */ = {
			isa = XCBuildConfiguration;
			buildSettings = {
				ASSETCATALOG_COMPILER_APPICON_NAME = AppIcon;
				ASSETCATALOG_COMPILER_GLOBAL_ACCENT_COLOR_NAME = AccentColor;
				CODE_SIGN_STYLE = Automatic;
				CURRENT_PROJECT_VERSION = 1;
				DEVELOPMENT_TEAM = 9B2FB7XP74;
				GENERATE_INFOPLIST_FILE = YES;
				INFOPLIST_FILE = ClassDemo7/Info.plist;
				INFOPLIST_KEY_UIApplicationSupportsIndirectInputEvents = YES;
				INFOPLIST_KEY_UILaunchStoryboardName = LaunchScreen;
				INFOPLIST_KEY_UIMainStoryboardFile = Main;
				INFOPLIST_KEY_UISupportedInterfaceOrientations_iPad = "UIInterfaceOrientationPortrait UIInterfaceOrientationPortraitUpsideDown UIInterfaceOrientationLandscapeLeft UIInterfaceOrientationLandscapeRight";
				INFOPLIST_KEY_UISupportedInterfaceOrientations_iPhone = "UIInterfaceOrientationPortrait UIInterfaceOrientationLandscapeLeft UIInterfaceOrientationLandscapeRight";
				LD_RUNPATH_SEARCH_PATHS = (
					"$(inherited)",
					"@executable_path/Frameworks",
				);
				MARKETING_VERSION = 1.0;
				PRODUCT_BUNDLE_IDENTIFIER = demo.ClassDemo7;
				PRODUCT_NAME = "$(TARGET_NAME)";
				SWIFT_EMIT_LOC_STRINGS = YES;
				SWIFT_VERSION = 5.0;
				TARGETED_DEVICE_FAMILY = "1,2";
			};
			name = Release;
		};
/* End XCBuildConfiguration section */

/* Begin XCConfigurationList section */
		BBB8D9FF288896E60041CF2D /* Build configuration list for PBXProject "ClassDemo7" */ = {
			isa = XCConfigurationList;
			buildConfigurations = (
				BBB8DA16288896E60041CF2D /* Debug */,
				BBB8DA17288896E60041CF2D /* Release */,
			);
			defaultConfigurationIsVisible = 0;
			defaultConfigurationName = Release;
		};
		BBB8DA18288896E60041CF2D /* Build configuration list for PBXNativeTarget "ClassDemo7" */ = {
			isa = XCConfigurationList;
			buildConfigurations = (
				BBB8DA19288896E60041CF2D /* Debug */,
				BBB8DA1A288896E60041CF2D /* Release */,
			);
			defaultConfigurationIsVisible = 0;
			defaultConfigurationName = Release;
		};
/* End XCConfigurationList section */
	};
	rootObject = BBB8D9FC288896E60041CF2D /* Project object */;
}
